
Microsoft Visual Studio Solution File, Format Version 12.00
# Visual Studio Version 17
VisualStudioVersion = 17.11.35312.102
MinimumVisualStudioVersion = 10.0.40219.1
Project("{2150E333-8FDC-42A3-9474-1A3956D46DE8}") = "Services", "Services", "{29D16803-0979-46BB-A95A-1B2374B56F0D}"
EndProject
Project("{2150E333-8FDC-42A3-9474-1A3956D46DE8}") = "Catalog", "Catalog", "{BD91B92C-5427-4D0F-80A8-AC233D0F2BA6}"
EndProject
Project("{9A19103F-16F7-4668-BE54-9A1E7A4F7556}") = "Catalog.API", "Services\Catalog\Catalog.API\Catalog.API.csproj", "{829DFB43-237C-4E25-ACD8-DE14C6F4E12E}"
EndProject
Project("{2150E333-8FDC-42A3-9474-1A3956D46DE8}") = "BuildingBlocks", "BuildingBlocks", "{83AE1BCB-3E1D-4F75-BE11-A2045C4BE2EA}"
EndProject
Project("{9A19103F-16F7-4668-BE54-9A1E7A4F7556}") = "BuildingBlocks", "BuildingBlocks\BuildingBlocks\BuildingBlocks.csproj", "{F17A9539-5A95-4900-858C-31F2A5B5367D}"
EndProject
Project("{E53339B2-1760-4266-BCC7-CA923CBCF16C}") = "docker-compose", "docker-compose.dcproj", "{7256953A-307E-4C79-9B02-329E8CDFD76B}"
EndProject
Project("{2150E333-8FDC-42A3-9474-1A3956D46DE8}") = "Basket", "Basket", "{5A65E54F-147E-4D6D-8A44-410B71DF1621}"
EndProject
Project("{9A19103F-16F7-4668-BE54-9A1E7A4F7556}") = "Basket.API", "Services\Basket\Basket.API\Basket.API.csproj", "{67644388-B8F0-42BC-A77B-2E6847B15724}"
EndProject
Project("{2150E333-8FDC-42A3-9474-1A3956D46DE8}") = "Discount", "Discount", "{5C399CD9-BF7A-437D-8DBE-43A6B7E257DE}"
EndProject
Project("{9A19103F-16F7-4668-BE54-9A1E7A4F7556}") = "Discount.Grpc", "Services\Discount\Discount.Grpc\Discount.Grpc.csproj", "{610226D6-3BB6-469D-B14D-70EF678A8251}"
EndProject
Project("{2150E333-8FDC-42A3-9474-1A3956D46DE8}") = "Ordering", "Ordering", "{6A257E8B-C2D8-4A3D-AA14-4E7B1DF1173D}"
EndProject
Project("{FAE04EC0-301F-11D3-BF4B-00C04F79EFBC}") = "Ordering.API", "Services\Ordering\Ordering.API\Ordering.API.csproj", "{53898C22-EEEE-455A-8594-35359F11E1DB}"
EndProject
Project("{FAE04EC0-301F-11D3-BF4B-00C04F79EFBC}") = "Ordering.Domain", "Services\Ordering\Ordering.Domain\Ordering.Domain.csproj", "{77389B95-0BFA-42CE-AB16-192A568A2121}"
EndProject
Project("{FAE04EC0-301F-11D3-BF4B-00C04F79EFBC}") = "Ordering.Application", "Services\Ordering\Ordering.Application\Ordering.Application.csproj", "{04F03A85-5F37-46BD-B7BB-AEEDCBEF2BC2}"
EndProject
Project("{FAE04EC0-301F-11D3-BF4B-00C04F79EFBC}") = "Ordering.Infrastructure", "Services\Ordering\Ordering.Infrastructure\Ordering.Infrastructure.csproj", "{CDC8E660-4D43-4B18-8298-6118EA635CC1}"
EndProject
Global
	GlobalSection(SolutionConfigurationPlatforms) = preSolution
		Debug|Any CPU = Debug|Any CPU
		Release|Any CPU = Release|Any CPU
	EndGlobalSection
	GlobalSection(ProjectConfigurationPlatforms) = postSolution
		{829DFB43-237C-4E25-ACD8-DE14C6F4E12E}.Debug|Any CPU.ActiveCfg = Debug|Any CPU
		{829DFB43-237C-4E25-ACD8-DE14C6F4E12E}.Debug|Any CPU.Build.0 = Debug|Any CPU
		{829DFB43-237C-4E25-ACD8-DE14C6F4E12E}.Release|Any CPU.ActiveCfg = Release|Any CPU
		{829DFB43-237C-4E25-ACD8-DE14C6F4E12E}.Release|Any CPU.Build.0 = Release|Any CPU
		{F17A9539-5A95-4900-858C-31F2A5B5367D}.Debug|Any CPU.ActiveCfg = Debug|Any CPU
		{F17A9539-5A95-4900-858C-31F2A5B5367D}.Debug|Any CPU.Build.0 = Debug|Any CPU
		{F17A9539-5A95-4900-858C-31F2A5B5367D}.Release|Any CPU.ActiveCfg = Release|Any CPU
		{F17A9539-5A95-4900-858C-31F2A5B5367D}.Release|Any CPU.Build.0 = Release|Any CPU
		{7256953A-307E-4C79-9B02-329E8CDFD76B}.Debug|Any CPU.ActiveCfg = Debug|Any CPU
		{7256953A-307E-4C79-9B02-329E8CDFD76B}.Debug|Any CPU.Build.0 = Debug|Any CPU
		{7256953A-307E-4C79-9B02-329E8CDFD76B}.Release|Any CPU.ActiveCfg = Release|Any CPU
		{7256953A-307E-4C79-9B02-329E8CDFD76B}.Release|Any CPU.Build.0 = Release|Any CPU
		{67644388-B8F0-42BC-A77B-2E6847B15724}.Debug|Any CPU.ActiveCfg = Debug|Any CPU
		{67644388-B8F0-42BC-A77B-2E6847B15724}.Debug|Any CPU.Build.0 = Debug|Any CPU
		{67644388-B8F0-42BC-A77B-2E6847B15724}.Release|Any CPU.ActiveCfg = Release|Any CPU
		{67644388-B8F0-42BC-A77B-2E6847B15724}.Release|Any CPU.Build.0 = Release|Any CPU
		{610226D6-3BB6-469D-B14D-70EF678A8251}.Debug|Any CPU.ActiveCfg = Debug|Any CPU
		{610226D6-3BB6-469D-B14D-70EF678A8251}.Debug|Any CPU.Build.0 = Debug|Any CPU
		{610226D6-3BB6-469D-B14D-70EF678A8251}.Release|Any CPU.ActiveCfg = Release|Any CPU
		{610226D6-3BB6-469D-B14D-70EF678A8251}.Release|Any CPU.Build.0 = Release|Any CPU
		{53898C22-EEEE-455A-8594-35359F11E1DB}.Debug|Any CPU.ActiveCfg = Debug|Any CPU
		{53898C22-EEEE-455A-8594-35359F11E1DB}.Debug|Any CPU.Build.0 = Debug|Any CPU
		{53898C22-EEEE-455A-8594-35359F11E1DB}.Release|Any CPU.ActiveCfg = Release|Any CPU
		{53898C22-EEEE-455A-8594-35359F11E1DB}.Release|Any CPU.Build.0 = Release|Any CPU
		{77389B95-0BFA-42CE-AB16-192A568A2121}.Debug|Any CPU.ActiveCfg = Debug|Any CPU
		{77389B95-0BFA-42CE-AB16-192A568A2121}.Debug|Any CPU.Build.0 = Debug|Any CPU
		{77389B95-0BFA-42CE-AB16-192A568A2121}.Release|Any CPU.ActiveCfg = Release|Any CPU
		{77389B95-0BFA-42CE-AB16-192A568A2121}.Release|Any CPU.Build.0 = Release|Any CPU
		{04F03A85-5F37-46BD-B7BB-AEEDCBEF2BC2}.Debug|Any CPU.ActiveCfg = Debug|Any CPU
		{04F03A85-5F37-46BD-B7BB-AEEDCBEF2BC2}.Debug|Any CPU.Build.0 = Debug|Any CPU
		{04F03A85-5F37-46BD-B7BB-AEEDCBEF2BC2}.Release|Any CPU.ActiveCfg = Release|Any CPU
		{04F03A85-5F37-46BD-B7BB-AEEDCBEF2BC2}.Release|Any CPU.Build.0 = Release|Any CPU
		{CDC8E660-4D43-4B18-8298-6118EA635CC1}.Debug|Any CPU.ActiveCfg = Debug|Any CPU
		{CDC8E660-4D43-4B18-8298-6118EA635CC1}.Debug|Any CPU.Build.0 = Debug|Any CPU
		{CDC8E660-4D43-4B18-8298-6118EA635CC1}.Release|Any CPU.ActiveCfg = Release|Any CPU
		{CDC8E660-4D43-4B18-8298-6118EA635CC1}.Release|Any CPU.Build.0 = Release|Any CPU
	EndGlobalSection
	GlobalSection(SolutionProperties) = preSolution
		HideSolutionNode = FALSE
	EndGlobalSection
	GlobalSection(NestedProjects) = preSolution
		{BD91B92C-5427-4D0F-80A8-AC233D0F2BA6} = {29D16803-0979-46BB-A95A-1B2374B56F0D}
		{829DFB43-237C-4E25-ACD8-DE14C6F4E12E} = {BD91B92C-5427-4D0F-80A8-AC233D0F2BA6}
		{F17A9539-5A95-4900-858C-31F2A5B5367D} = {83AE1BCB-3E1D-4F75-BE11-A2045C4BE2EA}
		{5A65E54F-147E-4D6D-8A44-410B71DF1621} = {29D16803-0979-46BB-A95A-1B2374B56F0D}
		{67644388-B8F0-42BC-A77B-2E6847B15724} = {5A65E54F-147E-4D6D-8A44-410B71DF1621}
		{5C399CD9-BF7A-437D-8DBE-43A6B7E257DE} = {29D16803-0979-46BB-A95A-1B2374B56F0D}
		{610226D6-3BB6-469D-B14D-70EF678A8251} = {5C399CD9-BF7A-437D-8DBE-43A6B7E257DE}
		{6A257E8B-C2D8-4A3D-AA14-4E7B1DF1173D} = {29D16803-0979-46BB-A95A-1B2374B56F0D}
		{53898C22-EEEE-455A-8594-35359F11E1DB} = {6A257E8B-C2D8-4A3D-AA14-4E7B1DF1173D}
		{77389B95-0BFA-42CE-AB16-192A568A2121} = {6A257E8B-C2D8-4A3D-AA14-4E7B1DF1173D}
		{04F03A85-5F37-46BD-B7BB-AEEDCBEF2BC2} = {6A257E8B-C2D8-4A3D-AA14-4E7B1DF1173D}
		{CDC8E660-4D43-4B18-8298-6118EA635CC1} = {6A257E8B-C2D8-4A3D-AA14-4E7B1DF1173D}
	EndGlobalSection
	GlobalSection(ExtensibilityGlobals) = postSolution
		SolutionGuid = {815EF6BC-FDAC-443B-93D7-57CE45F1C268}
	EndGlobalSection
EndGlobal
